
Microsoft Visual Studio Solution File, Format Version 12.00
# Visual Studio Version 16
VisualStudioVersion = 16.0.31624.102
MinimumVisualStudioVersion = 10.0.40219.1
Project("{FAE04EC0-301F-11D3-BF4B-00C04F79EFBC}") = "LightshotScraper", "LightshotScraper\LightshotScraper.csproj", "{3EF6580C-F589-44B3-A460-90C041BA0404}"
EndProject
Global
	GlobalSection(SolutionConfigurationPlatforms) = preSolution
		Debug|Any CPU = Debug|Any CPU
		Release|Any CPU = Release|Any CPU
	EndGlobalSection
	GlobalSection(ProjectConfigurationPlatforms) = postSolution
		{3EF6580C-F589-44B3-A460-90C041BA0404}.Debug|Any CPU.ActiveCfg = Debug|Any CPU
		{3EF6580C-F589-44B3-A460-90C041BA0404}.Debug|Any CPU.Build.0 = Debug|Any CPU
		{3EF6580C-F589-44B3-A460-90C041BA0404}.Release|Any CPU.ActiveCfg = Release|Any CPU
		{3EF6580C-F589-44B3-A460-90C041BA0404}.Release|Any CPU.Build.0 = Release|Any CPU
	EndGlobalSection
	GlobalSection(SolutionProperties) = preSolution
		HideSolutionNode = FALSE
	EndGlobalSection
	GlobalSection(ExtensibilityGlobals) = postSolution
		SolutionGuid = {4EECDE7B-CAFA-4071-ACB2-6050FCDCBCA6}
	EndGlobalSection
EndGlobal
